// !$*UTF8*$!
{
	archiveVersion = 1;
	classes = {
	};
	objectVersion = 46;
	objects = {

/* Begin PBXBuildFile section */
		AB965EF01D2A08B600E0AAD2 /* main.cpp in Sources */ = {isa = PBXBuildFile; fileRef = AB965EEF1D2A08B600E0AAD2 /* main.cpp */; };
		AB965EFD1D2A0BD000E0AAD2 /* main.cpp in Sources */ = {isa = PBXBuildFile; fileRef = AB965EFC1D2A0BD000E0AAD2 /* main.cpp */; };
		AB965F021D2A167500E0AAD2 /* OpenGL.framework in Frameworks */ = {isa = PBXBuildFile; fileRef = AB965F011D2A167500E0AAD2 /* OpenGL.framework */; };
		AB965F041D2A168A00E0AAD2 /* Cocoa.framework in Frameworks */ = {isa = PBXBuildFile; fileRef = AB965F031D2A168A00E0AAD2 /* Cocoa.framework */; };
		AB965F061D2A168E00E0AAD2 /* GLUT.framework in Frameworks */ = {isa = PBXBuildFile; fileRef = AB965F051D2A168E00E0AAD2 /* GLUT.framework */; };
		AB965F0C1D2A175C00E0AAD2 /* CoreVideo.framework in Frameworks */ = {isa = PBXBuildFile; fileRef = AB965F0B1D2A175C00E0AAD2 /* CoreVideo.framework */; };
		AB965F101D2A37F600E0AAD2 /* libGLEW.a in Frameworks */ = {isa = PBXBuildFile; fileRef = AB965F0D1D2A196900E0AAD2 /* libGLEW.a */; };
		AB965F111D2A37FA00E0AAD2 /* libglfw3.a in Frameworks */ = {isa = PBXBuildFile; fileRef = AB965F091D2A16D300E0AAD2 /* libglfw3.a */; };
		AB965F131D2A380D00E0AAD2 /* IOKit.framework in Frameworks */ = {isa = PBXBuildFile; fileRef = AB965F121D2A380D00E0AAD2 /* IOKit.framework */; };
		AB965F1B1D2A3B3800E0AAD2 /* main.cpp in Sources */ = {isa = PBXBuildFile; fileRef = AB965F1A1D2A3B3800E0AAD2 /* main.cpp */; };
		AB965F221D2A3F7A00E0AAD2 /* OpenGL.framework in Frameworks */ = {isa = PBXBuildFile; fileRef = AB965F011D2A167500E0AAD2 /* OpenGL.framework */; };
		AB965F231D2A3F8100E0AAD2 /* GLUT.framework in Frameworks */ = {isa = PBXBuildFile; fileRef = AB965F051D2A168E00E0AAD2 /* GLUT.framework */; };
		AB965F241D2A3F8700E0AAD2 /* Cocoa.framework in Frameworks */ = {isa = PBXBuildFile; fileRef = AB965F031D2A168A00E0AAD2 /* Cocoa.framework */; };
		AB965F251D2A3F8D00E0AAD2 /* IOKit.framework in Frameworks */ = {isa = PBXBuildFile; fileRef = AB965F121D2A380D00E0AAD2 /* IOKit.framework */; };
		AB965F261D2A3F9600E0AAD2 /* libglfw3.a in Frameworks */ = {isa = PBXBuildFile; fileRef = AB965F091D2A16D300E0AAD2 /* libglfw3.a */; };
		AB965F271D2A3F9E00E0AAD2 /* libGLEW.a in Frameworks */ = {isa = PBXBuildFile; fileRef = AB965F071D2A16B900E0AAD2 /* libGLEW.a */; };
		AB965F281D2A712D00E0AAD2 /* CoreVideo.framework in Frameworks */ = {isa = PBXBuildFile; fileRef = AB965F0B1D2A175C00E0AAD2 /* CoreVideo.framework */; };
		AB965F2B1D2A7A2500E0AAD2 /* Shader.cpp in Sources */ = {isa = PBXBuildFile; fileRef = AB965F291D2A7A2500E0AAD2 /* Shader.cpp */; };
/* End PBXBuildFile section */

/* Begin PBXCopyFilesBuildPhase section */
		AB965EEA1D2A08B600E0AAD2 /* CopyFiles */ = {
			isa = PBXCopyFilesBuildPhase;
			buildActionMask = 2147483647;
			dstPath = /usr/share/man/man1/;
			dstSubfolderSpec = 0;
			files = (
			);
			runOnlyForDeploymentPostprocessing = 1;
		};
		AB965EF81D2A0BD000E0AAD2 /* CopyFiles */ = {
			isa = PBXCopyFilesBuildPhase;
			buildActionMask = 2147483647;
			dstPath = /usr/share/man/man1/;
			dstSubfolderSpec = 0;
			files = (
			);
			runOnlyForDeploymentPostprocessing = 1;
		};
		AB965F161D2A3B3800E0AAD2 /* CopyFiles */ = {
			isa = PBXCopyFilesBuildPhase;
			buildActionMask = 2147483647;
			dstPath = /usr/share/man/man1/;
			dstSubfolderSpec = 0;
			files = (
			);
			runOnlyForDeploymentPostprocessing = 1;
		};
/* End PBXCopyFilesBuildPhase section */

/* Begin PBXFileReference section */
		AB965EEC1D2A08B600E0AAD2 /* LearnOpenGL */ = {isa = PBXFileReference; explicitFileType = "compiled.mach-o.executable"; includeInIndex = 0; path = LearnOpenGL; sourceTree = BUILT_PRODUCTS_DIR; };
		AB965EEF1D2A08B600E0AAD2 /* main.cpp */ = {isa = PBXFileReference; lastKnownFileType = sourcecode.cpp.cpp; path = main.cpp; sourceTree = "<group>"; };
		AB965EFA1D2A0BD000E0AAD2 /* HelloWindow */ = {isa = PBXFileReference; explicitFileType = "compiled.mach-o.executable"; includeInIndex = 0; path = HelloWindow; sourceTree = BUILT_PRODUCTS_DIR; };
		AB965EFC1D2A0BD000E0AAD2 /* main.cpp */ = {isa = PBXFileReference; lastKnownFileType = sourcecode.cpp.cpp; path = main.cpp; sourceTree = "<group>"; };
		AB965F011D2A167500E0AAD2 /* OpenGL.framework */ = {isa = PBXFileReference; lastKnownFileType = wrapper.framework; name = OpenGL.framework; path = System/Library/Frameworks/OpenGL.framework; sourceTree = SDKROOT; };
		AB965F031D2A168A00E0AAD2 /* Cocoa.framework */ = {isa = PBXFileReference; lastKnownFileType = wrapper.framework; name = Cocoa.framework; path = System/Library/Frameworks/Cocoa.framework; sourceTree = SDKROOT; };
		AB965F051D2A168E00E0AAD2 /* GLUT.framework */ = {isa = PBXFileReference; lastKnownFileType = wrapper.framework; name = GLUT.framework; path = System/Library/Frameworks/GLUT.framework; sourceTree = SDKROOT; };
		AB965F071D2A16B900E0AAD2 /* libGLEW.a */ = {isa = PBXFileReference; lastKnownFileType = archive.ar; name = libGLEW.a; path = ../../../../../usr/local/Cellar/glew/1.13.0/lib/libGLEW.a; sourceTree = "<group>"; };
		AB965F091D2A16D300E0AAD2 /* libglfw3.a */ = {isa = PBXFileReference; lastKnownFileType = archive.ar; name = libglfw3.a; path = ../../../../../usr/local/lib/libglfw3.a; sourceTree = "<group>"; };
		AB965F0B1D2A175C00E0AAD2 /* CoreVideo.framework */ = {isa = PBXFileReference; lastKnownFileType = wrapper.framework; name = CoreVideo.framework; path = System/Library/Frameworks/CoreVideo.framework; sourceTree = SDKROOT; };
		AB965F0D1D2A196900E0AAD2 /* libGLEW.a */ = {isa = PBXFileReference; lastKnownFileType = archive.ar; name = libGLEW.a; path = ../../../../../usr/local/lib/libGLEW.a; sourceTree = "<group>"; };
		AB965F121D2A380D00E0AAD2 /* IOKit.framework */ = {isa = PBXFileReference; lastKnownFileType = wrapper.framework; name = IOKit.framework; path = System/Library/Frameworks/IOKit.framework; sourceTree = SDKROOT; };
		AB965F181D2A3B3800E0AAD2 /* HelloTriangles */ = {isa = PBXFileReference; explicitFileType = "compiled.mach-o.executable"; includeInIndex = 0; path = HelloTriangles; sourceTree = BUILT_PRODUCTS_DIR; };
		AB965F1A1D2A3B3800E0AAD2 /* main.cpp */ = {isa = PBXFileReference; lastKnownFileType = sourcecode.cpp.cpp; path = main.cpp; sourceTree = "<group>"; };
		AB965F291D2A7A2500E0AAD2 /* Shader.cpp */ = {isa = PBXFileReference; fileEncoding = 4; lastKnownFileType = sourcecode.cpp.cpp; path = Shader.cpp; sourceTree = "<group>"; };
		AB965F2A1D2A7A2500E0AAD2 /* Shader.h */ = {isa = PBXFileReference; fileEncoding = 4; lastKnownFileType = sourcecode.c.h; path = Shader.h; sourceTree = "<group>"; };
/* End PBXFileReference section */

/* Begin PBXFrameworksBuildPhase section */
		AB965EE91D2A08B600E0AAD2 /* Frameworks */ = {
			isa = PBXFrameworksBuildPhase;
			buildActionMask = 2147483647;
			files = (
			);
			runOnlyForDeploymentPostprocessing = 0;
		};
		AB965EF71D2A0BD000E0AAD2 /* Frameworks */ = {
			isa = PBXFrameworksBuildPhase;
			buildActionMask = 2147483647;
			files = (
				AB965F131D2A380D00E0AAD2 /* IOKit.framework in Frameworks */,
				AB965F111D2A37FA00E0AAD2 /* libglfw3.a in Frameworks */,
				AB965F101D2A37F600E0AAD2 /* libGLEW.a in Frameworks */,
				AB965F0C1D2A175C00E0AAD2 /* CoreVideo.framework in Frameworks */,
				AB965F061D2A168E00E0AAD2 /* GLUT.framework in Frameworks */,
				AB965F041D2A168A00E0AAD2 /* Cocoa.framework in Frameworks */,
				AB965F021D2A167500E0AAD2 /* OpenGL.framework in Frameworks */,
			);
			runOnlyForDeploymentPostprocessing = 0;
		};
		AB965F151D2A3B3800E0AAD2 /* Frameworks */ = {
			isa = PBXFrameworksBuildPhase;
			buildActionMask = 2147483647;
			files = (
				AB965F281D2A712D00E0AAD2 /* CoreVideo.framework in Frameworks */,
				AB965F271D2A3F9E00E0AAD2 /* libGLEW.a in Frameworks */,
				AB965F261D2A3F9600E0AAD2 /* libglfw3.a in Frameworks */,
				AB965F251D2A3F8D00E0AAD2 /* IOKit.framework in Frameworks */,
				AB965F241D2A3F8700E0AAD2 /* Cocoa.framework in Frameworks */,
				AB965F231D2A3F8100E0AAD2 /* GLUT.framework in Frameworks */,
				AB965F221D2A3F7A00E0AAD2 /* OpenGL.framework in Frameworks */,
			);
			runOnlyForDeploymentPostprocessing = 0;
		};
/* End PBXFrameworksBuildPhase section */

/* Begin PBXGroup section */
		AB965EE31D2A08B600E0AAD2 = {
			isa = PBXGroup;
			children = (
				AB965F291D2A7A2500E0AAD2 /* Shader.cpp */,
				AB965F2A1D2A7A2500E0AAD2 /* Shader.h */,
				AB965F121D2A380D00E0AAD2 /* IOKit.framework */,
				AB965F0D1D2A196900E0AAD2 /* libGLEW.a */,
				AB965F0B1D2A175C00E0AAD2 /* CoreVideo.framework */,
				AB965F091D2A16D300E0AAD2 /* libglfw3.a */,
				AB965F071D2A16B900E0AAD2 /* libGLEW.a */,
				AB965F051D2A168E00E0AAD2 /* GLUT.framework */,
				AB965F031D2A168A00E0AAD2 /* Cocoa.framework */,
				AB965F011D2A167500E0AAD2 /* OpenGL.framework */,
				AB965EEE1D2A08B600E0AAD2 /* LearnOpenGL */,
				AB965EFB1D2A0BD000E0AAD2 /* HelloWindow */,
				AB965F191D2A3B3800E0AAD2 /* HelloTriangles */,
				AB965EED1D2A08B600E0AAD2 /* Products */,
			);
			sourceTree = "<group>";
		};
		AB965EED1D2A08B600E0AAD2 /* Products */ = {
			isa = PBXGroup;
			children = (
				AB965EEC1D2A08B600E0AAD2 /* LearnOpenGL */,
				AB965EFA1D2A0BD000E0AAD2 /* HelloWindow */,
				AB965F181D2A3B3800E0AAD2 /* HelloTriangles */,
			);
			name = Products;
			sourceTree = "<group>";
		};
		AB965EEE1D2A08B600E0AAD2 /* LearnOpenGL */ = {
			isa = PBXGroup;
			children = (
				AB965EEF1D2A08B600E0AAD2 /* main.cpp */,
			);
			path = LearnOpenGL;
			sourceTree = "<group>";
		};
		AB965EFB1D2A0BD000E0AAD2 /* HelloWindow */ = {
			isa = PBXGroup;
			children = (
				AB965EFC1D2A0BD000E0AAD2 /* main.cpp */,
			);
			path = HelloWindow;
			sourceTree = "<group>";
		};
		AB965F191D2A3B3800E0AAD2 /* HelloTriangles */ = {
			isa = PBXGroup;
			children = (
				AB965F1A1D2A3B3800E0AAD2 /* main.cpp */,
			);
			path = HelloTriangles;
			sourceTree = "<group>";
		};
/* End PBXGroup section */

/* Begin PBXNativeTarget section */
		AB965EEB1D2A08B600E0AAD2 /* LearnOpenGL */ = {
			isa = PBXNativeTarget;
			buildConfigurationList = AB965EF31D2A08B600E0AAD2 /* Build configuration list for PBXNativeTarget "LearnOpenGL" */;
			buildPhases = (
				AB965EE81D2A08B600E0AAD2 /* Sources */,
				AB965EE91D2A08B600E0AAD2 /* Frameworks */,
				AB965EEA1D2A08B600E0AAD2 /* CopyFiles */,
			);
			buildRules = (
			);
			dependencies = (
			);
			name = LearnOpenGL;
			productName = LearnOpenGL;
			productReference = AB965EEC1D2A08B600E0AAD2 /* LearnOpenGL */;
			productType = "com.apple.product-type.tool";
		};
		AB965EF91D2A0BD000E0AAD2 /* HelloWindow */ = {
			isa = PBXNativeTarget;
			buildConfigurationList = AB965EFE1D2A0BD000E0AAD2 /* Build configuration list for PBXNativeTarget "HelloWindow" */;
			buildPhases = (
				AB965EF61D2A0BD000E0AAD2 /* Sources */,
				AB965EF71D2A0BD000E0AAD2 /* Frameworks */,
				AB965EF81D2A0BD000E0AAD2 /* CopyFiles */,
			);
			buildRules = (
			);
			dependencies = (
			);
			name = HelloWindow;
			productName = HelloWindow;
			productReference = AB965EFA1D2A0BD000E0AAD2 /* HelloWindow */;
			productType = "com.apple.product-type.tool";
		};
		AB965F171D2A3B3800E0AAD2 /* HelloTriangles */ = {
			isa = PBXNativeTarget;
			buildConfigurationList = AB965F1C1D2A3B3800E0AAD2 /* Build configuration list for PBXNativeTarget "HelloTriangles" */;
			buildPhases = (
				AB965F141D2A3B3800E0AAD2 /* Sources */,
				AB965F151D2A3B3800E0AAD2 /* Frameworks */,
				AB965F161D2A3B3800E0AAD2 /* CopyFiles */,
			);
			buildRules = (
			);
			dependencies = (
			);
			name = HelloTriangles;
			productName = HelloTriangles;
			productReference = AB965F181D2A3B3800E0AAD2 /* HelloTriangles */;
			productType = "com.apple.product-type.tool";
		};
/* End PBXNativeTarget section */

/* Begin PBXProject section */
		AB965EE41D2A08B600E0AAD2 /* Project object */ = {
			isa = PBXProject;
			attributes = {
				LastUpgradeCheck = 0730;
				ORGANIZATIONNAME = ZhuXiaolei;
				TargetAttributes = {
					AB965EEB1D2A08B600E0AAD2 = {
						CreatedOnToolsVersion = 7.3.1;
					};
					AB965EF91D2A0BD000E0AAD2 = {
						CreatedOnToolsVersion = 7.3.1;
					};
					AB965F171D2A3B3800E0AAD2 = {
						CreatedOnToolsVersion = 7.3.1;
					};
				};
			};
			buildConfigurationList = AB965EE71D2A08B600E0AAD2 /* Build configuration list for PBXProject "LearnOpenGL" */;
			compatibilityVersion = "Xcode 3.2";
			developmentRegion = English;
			hasScannedForEncodings = 0;
			knownRegions = (
				en,
			);
			mainGroup = AB965EE31D2A08B600E0AAD2;
			productRefGroup = AB965EED1D2A08B600E0AAD2 /* Products */;
			projectDirPath = "";
			projectRoot = "";
			targets = (
				AB965EEB1D2A08B600E0AAD2 /* LearnOpenGL */,
				AB965EF91D2A0BD000E0AAD2 /* HelloWindow */,
				AB965F171D2A3B3800E0AAD2 /* HelloTriangles */,
			);
		};
/* End PBXProject section */

/* Begin PBXSourcesBuildPhase section */
		AB965EE81D2A08B600E0AAD2 /* Sources */ = {
			isa = PBXSourcesBuildPhase;
			buildActionMask = 2147483647;
			files = (
				AB965F2B1D2A7A2500E0AAD2 /* Shader.cpp in Sources */,
				AB965EF01D2A08B600E0AAD2 /* main.cpp in Sources */,
			);
			runOnlyForDeploymentPostprocessing = 0;
		};
		AB965EF61D2A0BD000E0AAD2 /* Sources */ = {
			isa = PBXSourcesBuildPhase;
			buildActionMask = 2147483647;
			files = (
				AB965EFD1D2A0BD000E0AAD2 /* main.cpp in Sources */,
			);
			runOnlyForDeploymentPostprocessing = 0;
		};
		AB965F141D2A3B3800E0AAD2 /* Sources */ = {
			isa = PBXSourcesBuildPhase;
			buildActionMask = 2147483647;
			files = (
				AB965F1B1D2A3B3800E0AAD2 /* main.cpp in Sources */,
			);
			runOnlyForDeploymentPostprocessing = 0;
		};
/* End PBXSourcesBuildPhase section */

/* Begin XCBuildConfiguration section */
		AB965EF11D2A08B600E0AAD2 /* Debug */ = {
			isa = XCBuildConfiguration;
			buildSettings = {
				ALWAYS_SEARCH_USER_PATHS = NO;
				CLANG_ANALYZER_NONNULL = YES;
				CLANG_CXX_LANGUAGE_STANDARD = "gnu++0x";
				CLANG_CXX_LIBRARY = "libc++";
				CLANG_ENABLE_MODULES = YES;
				CLANG_ENABLE_OBJC_ARC = YES;
				CLANG_WARN_BOOL_CONVERSION = YES;
				CLANG_WARN_CONSTANT_CONVERSION = YES;
				CLANG_WARN_DIRECT_OBJC_ISA_USAGE = YES_ERROR;
				CLANG_WARN_EMPTY_BODY = YES;
				CLANG_WARN_ENUM_CONVERSION = YES;
				CLANG_WARN_INT_CONVERSION = YES;
				CLANG_WARN_OBJC_ROOT_CLASS = YES_ERROR;
				CLANG_WARN_UNREACHABLE_CODE = YES;
				CLANG_WARN__DUPLICATE_METHOD_MATCH = YES;
				CODE_SIGN_IDENTITY = "-";
				COPY_PHASE_STRIP = NO;
				DEBUG_INFORMATION_FORMAT = dwarf;
				ENABLE_STRICT_OBJC_MSGSEND = YES;
				ENABLE_TESTABILITY = YES;
				GCC_C_LANGUAGE_STANDARD = gnu99;
				GCC_DYNAMIC_NO_PIC = NO;
				GCC_NO_COMMON_BLOCKS = YES;
				GCC_OPTIMIZATION_LEVEL = 0;
				GCC_PREPROCESSOR_DEFINITIONS = (
					"DEBUG=1",
					"$(inherited)",
				);
				GCC_WARN_64_TO_32_BIT_CONVERSION = YES;
				GCC_WARN_ABOUT_RETURN_TYPE = YES_ERROR;
				GCC_WARN_UNDECLARED_SELECTOR = YES;
				GCC_WARN_UNINITIALIZED_AUTOS = YES_AGGRESSIVE;
				GCC_WARN_UNUSED_FUNCTION = YES;
				GCC_WARN_UNUSED_VARIABLE = YES;
				MACOSX_DEPLOYMENT_TARGET = 10.11;
				MTL_ENABLE_DEBUG_INFO = YES;
				ONLY_ACTIVE_ARCH = YES;
				SDKROOT = macosx;
			};
			name = Debug;
		};
		AB965EF21D2A08B600E0AAD2 /* Release */ = {
			isa = XCBuildConfiguration;
			buildSettings = {
				ALWAYS_SEARCH_USER_PATHS = NO;
				CLANG_ANALYZER_NONNULL = YES;
				CLANG_CXX_LANGUAGE_STANDARD = "gnu++0x";
				CLANG_CXX_LIBRARY = "libc++";
				CLANG_ENABLE_MODULES = YES;
				CLANG_ENABLE_OBJC_ARC = YES;
				CLANG_WARN_BOOL_CONVERSION = YES;
				CLANG_WARN_CONSTANT_CONVERSION = YES;
				CLANG_WARN_DIRECT_OBJC_ISA_USAGE = YES_ERROR;
				CLANG_WARN_EMPTY_BODY = YES;
				CLANG_WARN_ENUM_CONVERSION = YES;
				CLANG_WARN_INT_CONVERSION = YES;
				CLANG_WARN_OBJC_ROOT_CLASS = YES_ERROR;
				CLANG_WARN_UNREACHABLE_CODE = YES;
				CLANG_WARN__DUPLICATE_METHOD_MATCH = YES;
				CODE_SIGN_IDENTITY = "-";
				COPY_PHASE_STRIP = NO;
				DEBUG_INFORMATION_FORMAT = "dwarf-with-dsym";
				ENABLE_NS_ASSERTIONS = NO;
				ENABLE_STRICT_OBJC_MSGSEND = YES;
				GCC_C_LANGUAGE_STANDARD = gnu99;
				GCC_NO_COMMON_BLOCKS = YES;
				GCC_WARN_64_TO_32_BIT_CONVERSION = YES;
				GCC_WARN_ABOUT_RETURN_TYPE = YES_ERROR;
				GCC_WARN_UNDECLARED_SELECTOR = YES;
				GCC_WARN_UNINITIALIZED_AUTOS = YES_AGGRESSIVE;
				GCC_WARN_UNUSED_FUNCTION = YES;
				GCC_WARN_UNUSED_VARIABLE = YES;
				MACOSX_DEPLOYMENT_TARGET = 10.11;
				MTL_ENABLE_DEBUG_INFO = NO;
				SDKROOT = macosx;
			};
			name = Release;
		};
		AB965EF41D2A08B600E0AAD2 /* Debug */ = {
			isa = XCBuildConfiguration;
			buildSettings = {
				PRODUCT_NAME = "$(TARGET_NAME)";
			};
			name = Debug;
		};
		AB965EF51D2A08B600E0AAD2 /* Release */ = {
			isa = XCBuildConfiguration;
			buildSettings = {
				PRODUCT_NAME = "$(TARGET_NAME)";
			};
			name = Release;
		};
		AB965EFF1D2A0BD000E0AAD2 /* Debug */ = {
			isa = XCBuildConfiguration;
			buildSettings = {
				HEADER_SEARCH_PATHS = /usr/local/include;
				LIBRARY_SEARCH_PATHS = /usr/local/lib;
				PRODUCT_NAME = "$(TARGET_NAME)";
			};
			name = Debug;
		};
		AB965F001D2A0BD000E0AAD2 /* Release */ = {
			isa = XCBuildConfiguration;
			buildSettings = {
				HEADER_SEARCH_PATHS = /usr/local/include;
				LIBRARY_SEARCH_PATHS = /usr/local/lib;
				PRODUCT_NAME = "$(TARGET_NAME)";
			};
			name = Release;
		};
		AB965F1D1D2A3B3800E0AAD2 /* Debug */ = {
			isa = XCBuildConfiguration;
			buildSettings = {
				HEADER_SEARCH_PATHS = /usr/local/include;
				LIBRARY_SEARCH_PATHS = /usr/local/lib;
				PRODUCT_NAME = "$(TARGET_NAME)";
			};
			name = Debug;
		};
		AB965F1E1D2A3B3800E0AAD2 /* Release */ = {
			isa = XCBuildConfiguration;
			buildSettings = {
				HEADER_SEARCH_PATHS = /usr/local/include;
				LIBRARY_SEARCH_PATHS = /usr/local/lib;
				PRODUCT_NAME = "$(TARGET_NAME)";
			};
			name = Release;
		};
/* End XCBuildConfiguration section */

/* Begin XCConfigurationList section */
		AB965EE71D2A08B600E0AAD2 /* Build configuration list for PBXProject "LearnOpenGL" */ = {
			isa = XCConfigurationList;
			buildConfigurations = (
				AB965EF11D2A08B600E0AAD2 /* Debug */,
				AB965EF21D2A08B600E0AAD2 /* Release */,
			);
			defaultConfigurationIsVisible = 0;
			defaultConfigurationName = Release;
		};
		AB965EF31D2A08B600E0AAD2 /* Build configuration list for PBXNativeTarget "LearnOpenGL" */ = {
			isa = XCConfigurationList;
			buildConfigurations = (
				AB965EF41D2A08B600E0AAD2 /* Debug */,
				AB965EF51D2A08B600E0AAD2 /* Release */,
			);
			defaultConfigurationIsVisible = 0;
		};
		AB965EFE1D2A0BD000E0AAD2 /* Build configuration list for PBXNativeTarget "HelloWindow" */ = {
			isa = XCConfigurationList;
			buildConfigurations = (
				AB965EFF1D2A0BD000E0AAD2 /* Debug */,
				AB965F001D2A0BD000E0AAD2 /* Release */,
			);
			defaultConfigurationIsVisible = 0;
		};
		AB965F1C1D2A3B3800E0AAD2 /* Build configuration list for PBXNativeTarget "HelloTriangles" */ = {
			isa = XCConfigurationList;
			buildConfigurations = (
				AB965F1D1D2A3B3800E0AAD2 /* Debug */,
				AB965F1E1D2A3B3800E0AAD2 /* Release */,
			);
			defaultConfigurationIsVisible = 0;
		};
/* End XCConfigurationList section */
	};
	rootObject = AB965EE41D2A08B600E0AAD2 /* Project object */;
}
